// !$*UTF8*$!
{
	archiveVersion = 1;
	classes = {
	};
	objectVersion = 56;
	objects = {

/* Begin PBXBuildFile section */
		CA8453242ADD999800A3109A /* AppDelegate.swift in Sources */ = {isa = PBXBuildFile; fileRef = CA8453232ADD999800A3109A /* AppDelegate.swift */; };
		CA8453262ADD999800A3109A /* SceneDelegate.swift in Sources */ = {isa = PBXBuildFile; fileRef = CA8453252ADD999800A3109A /* SceneDelegate.swift */; };
		CA8453282ADD999800A3109A /* ViewController.swift in Sources */ = {isa = PBXBuildFile; fileRef = CA8453272ADD999800A3109A /* ViewController.swift */; };
		CA84532D2ADD999900A3109A /* Assets.xcassets in Resources */ = {isa = PBXBuildFile; fileRef = CA84532C2ADD999900A3109A /* Assets.xcassets */; };
		CA8453302ADD999900A3109A /* LaunchScreen.storyboard in Resources */ = {isa = PBXBuildFile; fileRef = CA84532E2ADD999900A3109A /* LaunchScreen.storyboard */; };
		CA871B452ADFDE78003C7EA8 /* WeatherViewController.swift in Sources */ = {isa = PBXBuildFile; fileRef = CA871B442ADFDE78003C7EA8 /* WeatherViewController.swift */; };
		CA871B472AE15B69003C7EA8 /* SF-Pro-Display-Thin.otf in Resources */ = {isa = PBXBuildFile; fileRef = CA871B462AE15B69003C7EA8 /* SF-Pro-Display-Thin.otf */; };
		CABB519F2ADD9FC00074ACDD /* SF-Pro.ttf in Resources */ = {isa = PBXBuildFile; fileRef = CABB519E2ADD9FC00074ACDD /* SF-Pro.ttf */; };
		CABB51BC2ADDB6280074ACDD /* SF-Pro-Display-Bold.otf in Resources */ = {isa = PBXBuildFile; fileRef = CABB51BB2ADDB6280074ACDD /* SF-Pro-Display-Bold.otf */; };
		CABB51BE2ADDB63D0074ACDD /* SF-Pro-Display-Light.otf in Resources */ = {isa = PBXBuildFile; fileRef = CABB51BD2ADDB63D0074ACDD /* SF-Pro-Display-Light.otf */; };
		CABB51C02ADDB64A0074ACDD /* SF-Pro-Display-Medium.otf in Resources */ = {isa = PBXBuildFile; fileRef = CABB51BF2ADDB64A0074ACDD /* SF-Pro-Display-Medium.otf */; };
		CABB51C22ADDB6550074ACDD /* SF-Pro-Display-Regular.otf in Resources */ = {isa = PBXBuildFile; fileRef = CABB51C12ADDB6550074ACDD /* SF-Pro-Display-Regular.otf */; };
/* End PBXBuildFile section */

/* Begin PBXFileReference section */
		CA8453202ADD999800A3109A /* weather-app.app */ = {isa = PBXFileReference; explicitFileType = wrapper.application; includeInIndex = 0; path = "weather-app.app"; sourceTree = BUILT_PRODUCTS_DIR; };
		CA8453232ADD999800A3109A /* AppDelegate.swift */ = {isa = PBXFileReference; lastKnownFileType = sourcecode.swift; path = AppDelegate.swift; sourceTree = "<group>"; };
		CA8453252ADD999800A3109A /* SceneDelegate.swift */ = {isa = PBXFileReference; lastKnownFileType = sourcecode.swift; path = SceneDelegate.swift; sourceTree = "<group>"; };
		CA8453272ADD999800A3109A /* ViewController.swift */ = {isa = PBXFileReference; lastKnownFileType = sourcecode.swift; path = ViewController.swift; sourceTree = "<group>"; };
		CA84532C2ADD999900A3109A /* Assets.xcassets */ = {isa = PBXFileReference; lastKnownFileType = folder.assetcatalog; path = Assets.xcassets; sourceTree = "<group>"; };
		CA84532F2ADD999900A3109A /* Base */ = {isa = PBXFileReference; lastKnownFileType = file.storyboard; name = Base; path = Base.lproj/LaunchScreen.storyboard; sourceTree = "<group>"; };
		CA8453312ADD999900A3109A /* Info.plist */ = {isa = PBXFileReference; lastKnownFileType = text.plist.xml; path = Info.plist; sourceTree = "<group>"; };
		CA871B442ADFDE78003C7EA8 /* WeatherViewController.swift */ = {isa = PBXFileReference; lastKnownFileType = sourcecode.swift; path = WeatherViewController.swift; sourceTree = "<group>"; };
		CA871B462AE15B69003C7EA8 /* SF-Pro-Display-Thin.otf */ = {isa = PBXFileReference; lastKnownFileType = file; path = "SF-Pro-Display-Thin.otf"; sourceTree = "<group>"; };
		CABB519E2ADD9FC00074ACDD /* SF-Pro.ttf */ = {isa = PBXFileReference; lastKnownFileType = file; path = "SF-Pro.ttf"; sourceTree = "<group>"; };
		CABB51BB2ADDB6280074ACDD /* SF-Pro-Display-Bold.otf */ = {isa = PBXFileReference; lastKnownFileType = file; path = "SF-Pro-Display-Bold.otf"; sourceTree = "<group>"; };
		CABB51BD2ADDB63D0074ACDD /* SF-Pro-Display-Light.otf */ = {isa = PBXFileReference; lastKnownFileType = file; path = "SF-Pro-Display-Light.otf"; sourceTree = "<group>"; };
		CABB51BF2ADDB64A0074ACDD /* SF-Pro-Display-Medium.otf */ = {isa = PBXFileReference; lastKnownFileType = file; path = "SF-Pro-Display-Medium.otf"; sourceTree = "<group>"; };
		CABB51C12ADDB6550074ACDD /* SF-Pro-Display-Regular.otf */ = {isa = PBXFileReference; lastKnownFileType = file; path = "SF-Pro-Display-Regular.otf"; sourceTree = "<group>"; };
/* End PBXFileReference section */

/* Begin PBXFrameworksBuildPhase section */
		CA84531D2ADD999800A3109A /* Frameworks */ = {
			isa = PBXFrameworksBuildPhase;
			buildActionMask = 2147483647;
			files = (
			);
			runOnlyForDeploymentPostprocessing = 0;
		};
/* End PBXFrameworksBuildPhase section */

/* Begin PBXGroup section */
		CA8453172ADD999800A3109A = {
			isa = PBXGroup;
			children = (
				CA8453222ADD999800A3109A /* weather-app */,
				CA8453212ADD999800A3109A /* Products */,
			);
			sourceTree = "<group>";
		};
		CA8453212ADD999800A3109A /* Products */ = {
			isa = PBXGroup;
			children = (
				CA8453202ADD999800A3109A /* weather-app.app */,
			);
			name = Products;
			sourceTree = "<group>";
		};
		CA8453222ADD999800A3109A /* weather-app */ = {
			isa = PBXGroup;
			children = (
				CA8735E22AE44126001E136E /* Source */,
				CABB51A02ADDAC280074ACDD /* Resource */,
				CA84532C2ADD999900A3109A /* Assets.xcassets */,
				CA84532E2ADD999900A3109A /* LaunchScreen.storyboard */,
				CA8453312ADD999900A3109A /* Info.plist */,
			);
			path = "weather-app";
			sourceTree = "<group>";
		};
		CA8735E02AE440D5001E136E /* Extensions */ = {
			isa = PBXGroup;
			children = (
			);
			path = Extensions;
			sourceTree = "<group>";
		};
		CA8735E22AE44126001E136E /* Source */ = {
			isa = PBXGroup;
			children = (
				CA8453232ADD999800A3109A /* AppDelegate.swift */,
				CA8453252ADD999800A3109A /* SceneDelegate.swift */,
				CA8735E32AE4413C001E136E /* ViewControllers */,
			);
			path = Source;
			sourceTree = "<group>";
		};
		CA8735E32AE4413C001E136E /* ViewControllers */ = {
			isa = PBXGroup;
			children = (
				CA871B442ADFDE78003C7EA8 /* WeatherViewController.swift */,
				CA8453272ADD999800A3109A /* ViewController.swift */,
			);
			path = ViewControllers;
			sourceTree = "<group>";
		};
		CABB519D2ADD9F540074ACDD /* Fonts */ = {
			isa = PBXGroup;
			children = (
				CA871B462AE15B69003C7EA8 /* SF-Pro-Display-Thin.otf */,
				CABB51C12ADDB6550074ACDD /* SF-Pro-Display-Regular.otf */,
				CABB51BF2ADDB64A0074ACDD /* SF-Pro-Display-Medium.otf */,
				CABB51BD2ADDB63D0074ACDD /* SF-Pro-Display-Light.otf */,
				CABB51BB2ADDB6280074ACDD /* SF-Pro-Display-Bold.otf */,
				CABB519E2ADD9FC00074ACDD /* SF-Pro.ttf */,
			);
			path = Fonts;
			sourceTree = "<group>";
		};
		CABB51A02ADDAC280074ACDD /* Resource */ = {
			isa = PBXGroup;
			children = (
				CA8735E02AE440D5001E136E /* Extensions */,
				CABB519D2ADD9F540074ACDD /* Fonts */,
			);
			path = Resource;
			sourceTree = "<group>";
		};
/* End PBXGroup section */

/* Begin PBXNativeTarget section */
		CA84531F2ADD999800A3109A /* weather-app */ = {
			isa = PBXNativeTarget;
			buildConfigurationList = CA8453342ADD999900A3109A /* Build configuration list for PBXNativeTarget "weather-app" */;
			buildPhases = (
				CA84531C2ADD999800A3109A /* Sources */,
				CA84531D2ADD999800A3109A /* Frameworks */,
				CA84531E2ADD999800A3109A /* Resources */,
			);
			buildRules = (
			);
			dependencies = (
			);
			name = "weather-app";
			productName = "weather-app";
			productReference = CA8453202ADD999800A3109A /* weather-app.app */;
			productType = "com.apple.product-type.application";
		};
/* End PBXNativeTarget section */

/* Begin PBXProject section */
		CA8453182ADD999800A3109A /* Project object */ = {
			isa = PBXProject;
			attributes = {
				BuildIndependentTargetsInParallel = 1;
				LastSwiftUpdateCheck = 1430;
				LastUpgradeCheck = 1430;
				TargetAttributes = {
					CA84531F2ADD999800A3109A = {
						CreatedOnToolsVersion = 14.3.1;
					};
				};
			};
			buildConfigurationList = CA84531B2ADD999800A3109A /* Build configuration list for PBXProject "weather-app" */;
			compatibilityVersion = "Xcode 14.0";
			developmentRegion = en;
			hasScannedForEncodings = 0;
			knownRegions = (
				en,
				Base,
			);
			mainGroup = CA8453172ADD999800A3109A;
			productRefGroup = CA8453212ADD999800A3109A /* Products */;
			projectDirPath = "";
			projectRoot = "";
			targets = (
				CA84531F2ADD999800A3109A /* weather-app */,
			);
		};
/* End PBXProject section */

/* Begin PBXResourcesBuildPhase section */
		CA84531E2ADD999800A3109A /* Resources */ = {
			isa = PBXResourcesBuildPhase;
			buildActionMask = 2147483647;
			files = (
				CA8453302ADD999900A3109A /* LaunchScreen.storyboard in Resources */,
				CABB51BE2ADDB63D0074ACDD /* SF-Pro-Display-Light.otf in Resources */,
				CABB519F2ADD9FC00074ACDD /* SF-Pro.ttf in Resources */,
				CABB51C02ADDB64A0074ACDD /* SF-Pro-Display-Medium.otf in Resources */,
				CA871B472AE15B69003C7EA8 /* SF-Pro-Display-Thin.otf in Resources */,
				CABB51BC2ADDB6280074ACDD /* SF-Pro-Display-Bold.otf in Resources */,
				CA84532D2ADD999900A3109A /* Assets.xcassets in Resources */,
				CABB51C22ADDB6550074ACDD /* SF-Pro-Display-Regular.otf in Resources */,
			);
			runOnlyForDeploymentPostprocessing = 0;
		};
/* End PBXResourcesBuildPhase section */

/* Begin PBXSourcesBuildPhase section */
		CA84531C2ADD999800A3109A /* Sources */ = {
			isa = PBXSourcesBuildPhase;
			buildActionMask = 2147483647;
			files = (
				CA8453282ADD999800A3109A /* ViewController.swift in Sources */,
				CA871B452ADFDE78003C7EA8 /* WeatherViewController.swift in Sources */,
				CA8453242ADD999800A3109A /* AppDelegate.swift in Sources */,
				CA8453262ADD999800A3109A /* SceneDelegate.swift in Sources */,
			);
			runOnlyForDeploymentPostprocessing = 0;
		};
/* End PBXSourcesBuildPhase section */

/* Begin PBXVariantGroup section */
		CA84532E2ADD999900A3109A /* LaunchScreen.storyboard */ = {
			isa = PBXVariantGroup;
			children = (
				CA84532F2ADD999900A3109A /* Base */,
			);
			name = LaunchScreen.storyboard;
			sourceTree = "<group>";
		};
/* End PBXVariantGroup section */

/* Begin XCBuildConfiguration section */
		CA8453322ADD999900A3109A /* Debug */ = {
			isa = XCBuildConfiguration;
			buildSettings = {
				ALWAYS_SEARCH_USER_PATHS = NO;
				CLANG_ANALYZER_NONNULL = YES;
				CLANG_ANALYZER_NUMBER_OBJECT_CONVERSION = YES_AGGRESSIVE;
				CLANG_CXX_LANGUAGE_STANDARD = "gnu++20";
				CLANG_ENABLE_MODULES = YES;
				CLANG_ENABLE_OBJC_ARC = YES;
				CLANG_ENABLE_OBJC_WEAK = YES;
				CLANG_WARN_BLOCK_CAPTURE_AUTORELEASING = YES;
				CLANG_WARN_BOOL_CONVERSION = YES;
				CLANG_WARN_COMMA = YES;
				CLANG_WARN_CONSTANT_CONVERSION = YES;
				CLANG_WARN_DEPRECATED_OBJC_IMPLEMENTATIONS = YES;
				CLANG_WARN_DIRECT_OBJC_ISA_USAGE = YES_ERROR;
				CLANG_WARN_DOCUMENTATION_COMMENTS = YES;
				CLANG_WARN_EMPTY_BODY = YES;
				CLANG_WARN_ENUM_CONVERSION = YES;
				CLANG_WARN_INFINITE_RECURSION = YES;
				CLANG_WARN_INT_CONVERSION = YES;
				CLANG_WARN_NON_LITERAL_NULL_CONVERSION = YES;
				CLANG_WARN_OBJC_IMPLICIT_RETAIN_SELF = YES;
				CLANG_WARN_OBJC_LITERAL_CONVERSION = YES;
				CLANG_WARN_OBJC_ROOT_CLASS = YES_ERROR;
				CLANG_WARN_QUOTED_INCLUDE_IN_FRAMEWORK_HEADER = YES;
				CLANG_WARN_RANGE_LOOP_ANALYSIS = YES;
				CLANG_WARN_STRICT_PROTOTYPES = YES;
				CLANG_WARN_SUSPICIOUS_MOVE = YES;
				CLANG_WARN_UNGUARDED_AVAILABILITY = YES_AGGRESSIVE;
				CLANG_WARN_UNREACHABLE_CODE = YES;
				CLANG_WARN__DUPLICATE_METHOD_MATCH = YES;
				COPY_PHASE_STRIP = NO;
				DEBUG_INFORMATION_FORMAT = dwarf;
				ENABLE_STRICT_OBJC_MSGSEND = YES;
				ENABLE_TESTABILITY = YES;
				GCC_C_LANGUAGE_STANDARD = gnu11;
				GCC_DYNAMIC_NO_PIC = NO;
				GCC_NO_COMMON_BLOCKS = YES;
				GCC_OPTIMIZATION_LEVEL = 0;
				GCC_PREPROCESSOR_DEFINITIONS = (
					"DEBUG=1",
					"$(inherited)",
				);
				GCC_WARN_64_TO_32_BIT_CONVERSION = YES;
				GCC_WARN_ABOUT_RETURN_TYPE = YES_ERROR;
				GCC_WARN_UNDECLARED_SELECTOR = YES;
				GCC_WARN_UNINITIALIZED_AUTOS = YES_AGGRESSIVE;
				GCC_WARN_UNUSED_FUNCTION = YES;
				GCC_WARN_UNUSED_VARIABLE = YES;
				IPHONEOS_DEPLOYMENT_TARGET = 16.4;
				MTL_ENABLE_DEBUG_INFO = INCLUDE_SOURCE;
				MTL_FAST_MATH = YES;
				ONLY_ACTIVE_ARCH = YES;
				SDKROOT = iphoneos;
				SWIFT_ACTIVE_COMPILATION_CONDITIONS = DEBUG;
				SWIFT_OPTIMIZATION_LEVEL = "-Onone";
			};
			name = Debug;
		};
		CA8453332ADD999900A3109A /* Release */ = {
			isa = XCBuildConfiguration;
			buildSettings = {
				ALWAYS_SEARCH_USER_PATHS = NO;
				CLANG_ANALYZER_NONNULL = YES;
				CLANG_ANALYZER_NUMBER_OBJECT_CONVERSION = YES_AGGRESSIVE;
				CLANG_CXX_LANGUAGE_STANDARD = "gnu++20";
				CLANG_ENABLE_MODULES = YES;
				CLANG_ENABLE_OBJC_ARC = YES;
				CLANG_ENABLE_OBJC_WEAK = YES;
				CLANG_WARN_BLOCK_CAPTURE_AUTORELEASING = YES;
				CLANG_WARN_BOOL_CONVERSION = YES;
				CLANG_WARN_COMMA = YES;
				CLANG_WARN_CONSTANT_CONVERSION = YES;
				CLANG_WARN_DEPRECATED_OBJC_IMPLEMENTATIONS = YES;
				CLANG_WARN_DIRECT_OBJC_ISA_USAGE = YES_ERROR;
				CLANG_WARN_DOCUMENTATION_COMMENTS = YES;
				CLANG_WARN_EMPTY_BODY = YES;
				CLANG_WARN_ENUM_CONVERSION = YES;
				CLANG_WARN_INFINITE_RECURSION = YES;
				CLANG_WARN_INT_CONVERSION = YES;
				CLANG_WARN_NON_LITERAL_NULL_CONVERSION = YES;
				CLANG_WARN_OBJC_IMPLICIT_RETAIN_SELF = YES;
				CLANG_WARN_OBJC_LITERAL_CONVERSION = YES;
				CLANG_WARN_OBJC_ROOT_CLASS = YES_ERROR;
				CLANG_WARN_QUOTED_INCLUDE_IN_FRAMEWORK_HEADER = YES;
				CLANG_WARN_RANGE_LOOP_ANALYSIS = YES;
				CLANG_WARN_STRICT_PROTOTYPES = YES;
				CLANG_WARN_SUSPICIOUS_MOVE = YES;
				CLANG_WARN_UNGUARDED_AVAILABILITY = YES_AGGRESSIVE;
				CLANG_WARN_UNREACHABLE_CODE = YES;
				CLANG_WARN__DUPLICATE_METHOD_MATCH = YES;
				COPY_PHASE_STRIP = NO;
				DEBUG_INFORMATION_FORMAT = "dwarf-with-dsym";
				ENABLE_NS_ASSERTIONS = NO;
				ENABLE_STRICT_OBJC_MSGSEND = YES;
				GCC_C_LANGUAGE_STANDARD = gnu11;
				GCC_NO_COMMON_BLOCKS = YES;
				GCC_WARN_64_TO_32_BIT_CONVERSION = YES;
				GCC_WARN_ABOUT_RETURN_TYPE = YES_ERROR;
				GCC_WARN_UNDECLARED_SELECTOR = YES;
				GCC_WARN_UNINITIALIZED_AUTOS = YES_AGGRESSIVE;
				GCC_WARN_UNUSED_FUNCTION = YES;
				GCC_WARN_UNUSED_VARIABLE = YES;
				IPHONEOS_DEPLOYMENT_TARGET = 16.4;
				MTL_ENABLE_DEBUG_INFO = NO;
				MTL_FAST_MATH = YES;
				SDKROOT = iphoneos;
				SWIFT_COMPILATION_MODE = wholemodule;
				SWIFT_OPTIMIZATION_LEVEL = "-O";
				VALIDATE_PRODUCT = YES;
			};
			name = Release;
		};
		CA8453352ADD999900A3109A /* Debug */ = {
			isa = XCBuildConfiguration;
			buildSettings = {
				ASSETCATALOG_COMPILER_APPICON_NAME = AppIcon;
				ASSETCATALOG_COMPILER_GLOBAL_ACCENT_COLOR_NAME = AccentColor;
				CODE_SIGN_STYLE = Automatic;
				CURRENT_PROJECT_VERSION = 1;
				DEVELOPMENT_TEAM = D3HYNZN587;
				GENERATE_INFOPLIST_FILE = YES;
				INFOPLIST_FILE = "weather-app/Info.plist";
				INFOPLIST_KEY_UIApplicationSupportsIndirectInputEvents = YES;
				INFOPLIST_KEY_UILaunchStoryboardName = LaunchScreen;
				INFOPLIST_KEY_UISupportedInterfaceOrientations_iPad = "UIInterfaceOrientationPortrait UIInterfaceOrientationPortraitUpsideDown UIInterfaceOrientationLandscapeLeft UIInterfaceOrientationLandscapeRight";
				INFOPLIST_KEY_UISupportedInterfaceOrientations_iPhone = "UIInterfaceOrientationPortrait UIInterfaceOrientationLandscapeLeft UIInterfaceOrientationLandscapeRight";
				LD_RUNPATH_SEARCH_PATHS = (
					"$(inherited)",
					"@executable_path/Frameworks",
				);
				MARKETING_VERSION = 1.0;
				PRODUCT_BUNDLE_IDENTIFIER = "com.heeseul.weather-app";
				PRODUCT_NAME = "$(TARGET_NAME)";
				SWIFT_EMIT_LOC_STRINGS = YES;
				SWIFT_VERSION = 5.0;
				TARGETED_DEVICE_FAMILY = "1,2";
			};
			name = Debug;
		};
		CA8453362ADD999900A3109A /* Release */ = {
			isa = XCBuildConfiguration;
			buildSettings = {
				ASSETCATALOG_COMPILER_APPICON_NAME = AppIcon;
				ASSETCATALOG_COMPILER_GLOBAL_ACCENT_COLOR_NAME = AccentColor;
				CODE_SIGN_STYLE = Automatic;
				CURRENT_PROJECT_VERSION = 1;
				DEVELOPMENT_TEAM = D3HYNZN587;
				GENERATE_INFOPLIST_FILE = YES;
				INFOPLIST_FILE = "weather-app/Info.plist";
				INFOPLIST_KEY_UIApplicationSupportsIndirectInputEvents = YES;
				INFOPLIST_KEY_UILaunchStoryboardName = LaunchScreen;
				INFOPLIST_KEY_UISupportedInterfaceOrientations_iPad = "UIInterfaceOrientationPortrait UIInterfaceOrientationPortraitUpsideDown UIInterfaceOrientationLandscapeLeft UIInterfaceOrientationLandscapeRight";
				INFOPLIST_KEY_UISupportedInterfaceOrientations_iPhone = "UIInterfaceOrientationPortrait UIInterfaceOrientationLandscapeLeft UIInterfaceOrientationLandscapeRight";
				LD_RUNPATH_SEARCH_PATHS = (
					"$(inherited)",
					"@executable_path/Frameworks",
				);
				MARKETING_VERSION = 1.0;
				PRODUCT_BUNDLE_IDENTIFIER = "com.heeseul.weather-app";
				PRODUCT_NAME = "$(TARGET_NAME)";
				SWIFT_EMIT_LOC_STRINGS = YES;
				SWIFT_VERSION = 5.0;
				TARGETED_DEVICE_FAMILY = "1,2";
			};
			name = Release;
		};
/* End XCBuildConfiguration section */

/* Begin XCConfigurationList section */
		CA84531B2ADD999800A3109A /* Build configuration list for PBXProject "weather-app" */ = {
			isa = XCConfigurationList;
			buildConfigurations = (
				CA8453322ADD999900A3109A /* Debug */,
				CA8453332ADD999900A3109A /* Release */,
			);
			defaultConfigurationIsVisible = 0;
			defaultConfigurationName = Release;
		};
		CA8453342ADD999900A3109A /* Build configuration list for PBXNativeTarget "weather-app" */ = {
			isa = XCConfigurationList;
			buildConfigurations = (
				CA8453352ADD999900A3109A /* Debug */,
				CA8453362ADD999900A3109A /* Release */,
			);
			defaultConfigurationIsVisible = 0;
			defaultConfigurationName = Release;
		};
/* End XCConfigurationList section */
	};
	rootObject = CA8453182ADD999800A3109A /* Project object */;
}
